# This file was autogenerated by Stack.
# You should not edit this file by hand.
# For more information, please see the documentation at:
#   https://docs.haskellstack.org/en/stable/lock_files

packages:
- completed:
    name: godot-haskell
    version: 3.1.0.0
    git: https://github.com/SimulaVR/godot-haskell
    pantry-tree:
      size: 65146
      sha256: dfa83df11ea7bf161dc2fe2fc1f290d35e11e424e4a62a5ed4d02f20d7320c8b
    commit: e8f2c45f1b9cc2f0586ebdc9ec6002c8c2d384ae
  original:
    git: https://github.com/SimulaVR/godot-haskell
    commit: e8f2c45f1b9cc2f0586ebdc9ec6002c8c2d384ae
snapshots:
- completed:
    size: 565469
    url: https://raw.githubusercontent.com/commercialhaskell/stackage-snapshots/master/nightly/2021/2/6.yaml
    sha256: 7108f8cb8c928699c6c3c6574d3f6fc132db8bbba6a3987f9446fb35fd67dbf6
  original: nightly-2021-02-06
